
Microsoft Visual Studio Solution File, Format Version 12.00
# Visual Studio Version 17
VisualStudioVersion = 17.0.32014.148
MinimumVisualStudioVersion = 10.0.40219.1
Project("{FAE04EC0-301F-11D3-BF4B-00C04F79EFBC}") = "Prime", "Prime.csproj", "{07C1A2DA-2055-4034-BE3B-E78597430699}"
EndProject
Global
	GlobalSection(SolutionConfigurationPlatforms) = preSolution
		Debug|Any CPU = Debug|Any CPU
		Release|Any CPU = Release|Any CPU
	EndGlobalSection
	GlobalSection(ProjectConfigurationPlatforms) = postSolution
		{07C1A2DA-2055-4034-BE3B-E78597430699}.Debug|Any CPU.ActiveCfg = Debug|Any CPU
		{07C1A2DA-2055-4034-BE3B-E78597430699}.Debug|Any CPU.Build.0 = Debug|Any CPU
		{07C1A2DA-2055-4034-BE3B-E78597430699}.Release|Any CPU.ActiveCfg = Release|Any CPU
		{07C1A2DA-2055-4034-BE3B-E78597430699}.Release|Any CPU.Build.0 = Release|Any CPU
	EndGlobalSection
	GlobalSection(SolutionProperties) = preSolution
		HideSolutionNode = FALSE
	EndGlobalSection
	GlobalSection(ExtensibilityGlobals) = postSolution
		SolutionGuid = {AA3612D6-0C53-4A9E-A61B-94641A8EDFED}
	EndGlobalSection
EndGlobal
