
Microsoft Visual Studio Solution File, Format Version 12.00
# Visual Studio Version 17
VisualStudioVersion = 17.0.32014.148
MinimumVisualStudioVersion = 10.0.40219.1
Project("{9A19103F-16F7-4668-BE54-9A1E7A4F7556}") = "SudokuApplication", "SudokuApplication.csproj", "{63BF9F80-4A93-45BF-8E9E-FB6A9A4BFF73}"
EndProject
Project("{FAE04EC0-301F-11D3-BF4B-00C04F79EFBC}") = "SudokuEngine", "..\SudokuEngine\SudokuEngine.csproj", "{A1668FB2-1454-4019-AEE3-9ECB3B9B3D82}"
EndProject
Global
	GlobalSection(SolutionConfigurationPlatforms) = preSolution
		Debug|Any CPU = Debug|Any CPU
		Release|Any CPU = Release|Any CPU
	EndGlobalSection
	GlobalSection(ProjectConfigurationPlatforms) = postSolution
		{63BF9F80-4A93-45BF-8E9E-FB6A9A4BFF73}.Debug|Any CPU.ActiveCfg = Debug|Any CPU
		{63BF9F80-4A93-45BF-8E9E-FB6A9A4BFF73}.Debug|Any CPU.Build.0 = Debug|Any CPU
		{63BF9F80-4A93-45BF-8E9E-FB6A9A4BFF73}.Release|Any CPU.ActiveCfg = Release|Any CPU
		{63BF9F80-4A93-45BF-8E9E-FB6A9A4BFF73}.Release|Any CPU.Build.0 = Release|Any CPU
		{A1668FB2-1454-4019-AEE3-9ECB3B9B3D82}.Debug|Any CPU.ActiveCfg = Debug|Any CPU
		{A1668FB2-1454-4019-AEE3-9ECB3B9B3D82}.Debug|Any CPU.Build.0 = Debug|Any CPU
		{A1668FB2-1454-4019-AEE3-9ECB3B9B3D82}.Release|Any CPU.ActiveCfg = Release|Any CPU
		{A1668FB2-1454-4019-AEE3-9ECB3B9B3D82}.Release|Any CPU.Build.0 = Release|Any CPU
	EndGlobalSection
	GlobalSection(SolutionProperties) = preSolution
		HideSolutionNode = FALSE
	EndGlobalSection
	GlobalSection(ExtensibilityGlobals) = postSolution
		SolutionGuid = {BC7644A7-C07A-407E-B45E-D06E65BFA1D3}
	EndGlobalSection
EndGlobal
